
Microsoft Visual Studio Solution File, Format Version 12.00
# Visual Studio Version 16
VisualStudioVersion = 16.0.32510.428
MinimumVisualStudioVersion = 10.0.40219.1
Project("{FAE04EC0-301F-11D3-BF4B-00C04F79EFBC}") = "CafeShopApp_v1", "CafeShopApp_v1\CafeShopApp_v1.csproj", "{BDB458F2-48C5-440F-BF7A-790997273C89}"
EndProject
Global
	GlobalSection(SolutionConfigurationPlatforms) = preSolution
		Debug|Any CPU = Debug|Any CPU
		Release|Any CPU = Release|Any CPU
	EndGlobalSection
	GlobalSection(ProjectConfigurationPlatforms) = postSolution
		{BDB458F2-48C5-440F-BF7A-790997273C89}.Debug|Any CPU.ActiveCfg = Debug|Any CPU
		{BDB458F2-48C5-440F-BF7A-790997273C89}.Debug|Any CPU.Build.0 = Debug|Any CPU
		{BDB458F2-48C5-440F-BF7A-790997273C89}.Release|Any CPU.ActiveCfg = Debug|Any CPU
		{BDB458F2-48C5-440F-BF7A-790997273C89}.Release|Any CPU.Build.0 = Debug|Any CPU
	EndGlobalSection
	GlobalSection(SolutionProperties) = preSolution
		HideSolutionNode = FALSE
	EndGlobalSection
	GlobalSection(ExtensibilityGlobals) = postSolution
		SolutionGuid = {AEE21469-3388-467B-B6EA-D25F01D11DC2}
	EndGlobalSection
EndGlobal
